
Microsoft Visual Studio Solution File, Format Version 12.00
# Visual Studio Version 17
VisualStudioVersion = 17.5.002.0
MinimumVisualStudioVersion = 10.0.40219.1
Project("{9A19103F-16F7-4668-BE54-9A1E7A4F7556}") = "StoreApp", "StoreApp.csproj", "{64F3368D-29B0-4264-B56E-75A2B336F27E}"
EndProject
Global
	GlobalSection(SolutionConfigurationPlatforms) = preSolution
		Debug|Any CPU = Debug|Any CPU
		Release|Any CPU = Release|Any CPU
	EndGlobalSection
	GlobalSection(ProjectConfigurationPlatforms) = postSolution
		{64F3368D-29B0-4264-B56E-75A2B336F27E}.Debug|Any CPU.ActiveCfg = Debug|Any CPU
		{64F3368D-29B0-4264-B56E-75A2B336F27E}.Debug|Any CPU.Build.0 = Debug|Any CPU
		{64F3368D-29B0-4264-B56E-75A2B336F27E}.Release|Any CPU.ActiveCfg = Release|Any CPU
		{64F3368D-29B0-4264-B56E-75A2B336F27E}.Release|Any CPU.Build.0 = Release|Any CPU
	EndGlobalSection
	GlobalSection(SolutionProperties) = preSolution
		HideSolutionNode = FALSE
	EndGlobalSection
	GlobalSection(ExtensibilityGlobals) = postSolution
		SolutionGuid = {85FCC512-BBB5-4E48-A32C-1EAB51423696}
	EndGlobalSection
EndGlobal
